{
  "nodes": {
    "flake-gha": {
      "inputs": {
        "flake-parts": [
          "flake-parts"
        ]
      },
      "locked": {
        "lastModified": 1727720507,
        "narHash": "sha256-/uEEyl1vMIq2QfyyHiNhxN7djH3JPpTIRlBSc7cMct4=",
        "owner": "thecaralice",
        "repo": "flake-gha",
        "rev": "79b9d853c738956ab7c429ce613f8302d6ac23de",
        "type": "github"
      },
      "original": {
        "owner": "thecaralice",
        "repo": "flake-gha",
        "type": "github"
      }
    },
    "flake-parts": {
      "inputs": {
        "nixpkgs-lib": "nixpkgs-lib"
      },
      "locked": {
        "lastModified": 1717285511,
        "narHash": "sha256-iKzJcpdXih14qYVcZ9QC9XuZYnPc6T8YImb6dX166kw=",
        "owner": "hercules-ci",
        "repo": "flake-parts",
        "rev": "2a55567fcf15b1b1c7ed712a2c6fadaec7412ea8",
        "type": "github"
      },
      "original": {
        "owner": "hercules-ci",
        "repo": "flake-parts",
        "type": "github"
      }
    },
    "nixpkgs": {
      "locked": {
        "lastModified": 1719708123,
        "narHash": "sha256-kzzvyhGQ3IUF+pJ2UHJRTeH3c8CzE7uUeVXQKTY3ujc=",
        "owner": "nixos",
        "repo": "nixpkgs",
        "rev": "079457313a259f66e32acc08a52bc54ff88dce43",
        "type": "github"
      },
      "original": {
        "owner": "nixos",
        "repo": "nixpkgs",
        "type": "github"
      }
    },
    "nixpkgs-lib": {
      "locked": {
        "lastModified": 1717284937,
        "narHash": "sha256-lIbdfCsf8LMFloheeE6N31+BMIeixqyQWbSr2vk79EQ=",
        "type": "tarball",
        "url": "https://github.com/NixOS/nixpkgs/archive/eb9ceca17df2ea50a250b6b27f7bf6ab0186f198.tar.gz"
      },
      "original": {
        "type": "tarball",
        "url": "https://github.com/NixOS/nixpkgs/archive/eb9ceca17df2ea50a250b6b27f7bf6ab0186f198.tar.gz"
      }
    },
    "root": {
      "inputs": {
        "flake-gha": "flake-gha",
        "flake-parts": "flake-parts",
        "nixpkgs": "nixpkgs"
      }
    }
  },
  "root": "root",
  "version": 7
}
